hash: 61502e5fdf52e6e02ff275723ff918202c27d400cc23c32ef036eb665452a260
updated: 2017-11-02T12:39:27.208575373+09:00
imports:
- name: bitbucket.org/liamstask/goose
  version: 8488cc47d90c8a502b1c41a462a6d9cc8ee0a895
  subpackages:
  - cmd/goose
  - lib/goose
- name: github.com/go-sql-driver/mysql
  version: fade21009797158e7b79e04c340118a9220c6f9e
- name: github.com/kylelemons/go-gypsy
  version: 08cad365cd28a7fba23bb1e57aa43c5e18ad8bb8
  subpackages:
  - yaml
- name: github.com/labstack/echo
  version: cec7629194fe4bf83b0c72d9a02d340c7a1468ac
- name: github.com/labstack/gommon
  version: 57409ada9da0f2afad6664c49502f8c50fbd8476
  subpackages:
  - color
  - log
- name: github.com/lib/pq
  version: b609790bd85edf8e9ab7e0f8912750a786177bcf
  subpackages:
  - oid
- name: github.com/mattn/go-colorable
  version: ad5389df28cdac544c99bd7b9161a0b5b6ca9d1b
- name: github.com/mattn/go-isatty
  version: a5cdd64afdee435007ee3e9f6ed4684af949d568
- name: github.com/mattn/go-sqlite3
  version: 5160b48509cf5c877bc22c11c373f8c7738cdb38
- name: github.com/valyala/bytebufferpool
  version: e746df99fe4a3986f4d4f79e13c1e0117ce9c2f7
- name: github.com/valyala/fasttemplate
  version: dcecefd839c4193db0d35b88ec65b4c12d360ab0
- name: github.com/ziutek/mymysql
  version: 1d19cbf98d83564cc561192ae7d7183d795f7ac7
  subpackages:
  - godrv
  - mysql
  - native
- name: golang.org/x/crypto
  version: bd6f299fb381e4c3393d1c4b1f0b94f5e77650c8
  subpackages:
  - acme
  - acme/autocert
- name: golang.org/x/net
  version: ea0da6f35caf3ff91581c800469e22eef75076f4
  subpackages:
  - context
- name: golang.org/x/sys
  version: 95c6576299259db960f6c5b9b69ea52422860fce
  subpackages:
  - unix
testImports: []
