# This file is autogenerated, do not edit; changes may be undone by the next 'dep ensure'.


[[projects]]
  name = "github.com/labstack/echo"
  packages = ["."]
  revision = "cec7629194fe4bf83b0c72d9a02d340c7a1468ac"
  version = "3.2.3"

[[projects]]
  name = "github.com/labstack/gommon"
  packages = ["color","log"]
  revision = "57409ada9da0f2afad6664c49502f8c50fbd8476"
  version = "0.2.3"

[[projects]]
  branch = "master"
  name = "github.com/lib/pq"
  packages = [".","oid"]
  revision = "b609790bd85edf8e9ab7e0f8912750a786177bcf"

[[projects]]
  branch = "master"
  name = "github.com/mattn/go-colorable"
  packages = ["."]
  revision = "ad5389df28cdac544c99bd7b9161a0b5b6ca9d1b"

[[projects]]
  branch = "master"
  name = "github.com/mattn/go-isatty"
  packages = ["."]
  revision = "a5cdd64afdee435007ee3e9f6ed4684af949d568"

[[projects]]
  name = "github.com/pressly/goose"
  packages = ["."]
  revision = "056a4d47dcc4d67fa3947a4f13945a5c690e568b"
  version = "v2.1.0"

[[projects]]
  branch = "master"
  name = "github.com/valyala/bytebufferpool"
  packages = ["."]
  revision = "e746df99fe4a3986f4d4f79e13c1e0117ce9c2f7"

[[projects]]
  branch = "master"
  name = "github.com/valyala/fasttemplate"
  packages = ["."]
  revision = "dcecefd839c4193db0d35b88ec65b4c12d360ab0"

[[projects]]
  branch = "master"
  name = "golang.org/x/crypto"
  packages = ["acme","acme/autocert"]
  revision = "bd6f299fb381e4c3393d1c4b1f0b94f5e77650c8"

[[projects]]
  branch = "master"
  name = "golang.org/x/sys"
  packages = ["unix"]
  revision = "95c6576299259db960f6c5b9b69ea52422860fce"

[solve-meta]
  analyzer-name = "dep"
  analyzer-version = 1
  inputs-digest = "3098d8a4356a82faa89ee21102ddebc60c484ec0e85fa85fc2c06d2994702da6"
  solver-name = "gps-cdcl"
  solver-version = 1
